
Microsoft Visual Studio Solution File, Format Version 12.00
# Visual Studio Version 17
VisualStudioVersion = 17.3.32804.467
MinimumVisualStudioVersion = 10.0.40219.1
Project("{FAE04EC0-301F-11D3-BF4B-00C04F79EFBC}") = "CardReader_Xamarin.UWP", "CardReader_Xamarin.UWP\CardReader_Xamarin.UWP.csproj", "{65705305-8F64-447C-B9C3-189C11239C74}"
EndProject
Project("{FAE04EC0-301F-11D3-BF4B-00C04F79EFBC}") = "CardReader_Xamarin.Android", "CardReader_Xamarin.Android\CardReader_Xamarin.Android.csproj", "{CC2003A8-05C2-4441-98C7-D0525654A2DC}"
EndProject
Project("{FAE04EC0-301F-11D3-BF4B-00C04F79EFBC}") = "CardReader_Xamarin.iOS", "CardReader_Xamarin.iOS\CardReader_Xamarin.iOS.csproj", "{8449696F-A0A1-47DD-A73A-88AE03B2AB15}"
EndProject
Project("{9A19103F-16F7-4668-BE54-9A1E7A4F7556}") = "CardReader_Xamarin", "CardReader_Xamarin\CardReader_Xamarin.csproj", "{B023473B-4036-4831-8ABB-0C60D877C376}"
EndProject
Project("{FAE04EC0-301F-11D3-BF4B-00C04F79EFBC}") = "CardReaderLibrary", "CardReaderLibrary\CardReaderLibrary.csproj", "{ACB30587-BF66-469B-84FA-4457EBD30E47}"
EndProject
Project("{FAE04EC0-301F-11D3-BF4B-00C04F79EFBC}") = "Feitian.CardReader.iOS", "Feitian.CardReader.iOS\Feitian.CardReader.iOS.csproj", "{9AC95819-2643-4D1A-A164-7A659D9D7433}"
EndProject
Global
	GlobalSection(SolutionConfigurationPlatforms) = preSolution
		Android Debug|Any CPU = Android Debug|Any CPU
		Android Debug|ARM = Android Debug|ARM
		Android Debug|iPhone = Android Debug|iPhone
		Android Debug|iPhoneSimulator = Android Debug|iPhoneSimulator
		Android Debug|x64 = Android Debug|x64
		Android Debug|x86 = Android Debug|x86
		Debug|Any CPU = Debug|Any CPU
		Debug|ARM = Debug|ARM
		Debug|iPhone = Debug|iPhone
		Debug|iPhoneSimulator = Debug|iPhoneSimulator
		Debug|x64 = Debug|x64
		Debug|x86 = Debug|x86
		Release|Any CPU = Release|Any CPU
		Release|ARM = Release|ARM
		Release|iPhone = Release|iPhone
		Release|iPhoneSimulator = Release|iPhoneSimulator
		Release|x64 = Release|x64
		Release|x86 = Release|x86
	EndGlobalSection
	GlobalSection(ProjectConfigurationPlatforms) = postSolution
		{65705305-8F64-447C-B9C3-189C11239C74}.Android Debug|Any CPU.ActiveCfg = Debug|x64
		{65705305-8F64-447C-B9C3-189C11239C74}.Android Debug|Any CPU.Build.0 = Debug|x64
		{65705305-8F64-447C-B9C3-189C11239C74}.Android Debug|Any CPU.Deploy.0 = Debug|x64
		{65705305-8F64-447C-B9C3-189C11239C74}.Android Debug|ARM.ActiveCfg = Debug|ARM
		{65705305-8F64-447C-B9C3-189C11239C74}.Android Debug|ARM.Build.0 = Debug|ARM
		{65705305-8F64-447C-B9C3-189C11239C74}.Android Debug|ARM.Deploy.0 = Debug|ARM
		{65705305-8F64-447C-B9C3-189C11239C74}.Android Debug|iPhone.ActiveCfg = Debug|x64
		{65705305-8F64-447C-B9C3-189C11239C74}.Android Debug|iPhone.Build.0 = Debug|x64
		{65705305-8F64-447C-B9C3-189C11239C74}.Android Debug|iPhone.Deploy.0 = Debug|x64
		{65705305-8F64-447C-B9C3-189C11239C74}.Android Debug|iPhoneSimulator.ActiveCfg = Debug|x64
		{65705305-8F64-447C-B9C3-189C11239C74}.Android Debug|iPhoneSimulator.Build.0 = Debug|x64
		{65705305-8F64-447C-B9C3-189C11239C74}.Android Debug|iPhoneSimulator.Deploy.0 = Debug|x64
		{65705305-8F64-447C-B9C3-189C11239C74}.Android Debug|x64.ActiveCfg = Debug|x64
		{65705305-8F64-447C-B9C3-189C11239C74}.Android Debug|x64.Build.0 = Debug|x64
		{65705305-8F64-447C-B9C3-189C11239C74}.Android Debug|x64.Deploy.0 = Debug|x64
		{65705305-8F64-447C-B9C3-189C11239C74}.Android Debug|x86.ActiveCfg = Debug|x86
		{65705305-8F64-447C-B9C3-189C11239C74}.Android Debug|x86.Build.0 = Debug|x86
		{65705305-8F64-447C-B9C3-189C11239C74}.Android Debug|x86.Deploy.0 = Debug|x86
		{65705305-8F64-447C-B9C3-189C11239C74}.Debug|Any CPU.ActiveCfg = Debug|x64
		{65705305-8F64-447C-B9C3-189C11239C74}.Debug|ARM.ActiveCfg = Debug|ARM
		{65705305-8F64-447C-B9C3-189C11239C74}.Debug|ARM.Build.0 = Debug|ARM
		{65705305-8F64-447C-B9C3-189C11239C74}.Debug|ARM.Deploy.0 = Debug|ARM
		{65705305-8F64-447C-B9C3-189C11239C74}.Debug|iPhone.ActiveCfg = Debug|x64
		{65705305-8F64-447C-B9C3-189C11239C74}.Debug|iPhoneSimulator.ActiveCfg = Debug|x64
		{65705305-8F64-447C-B9C3-189C11239C74}.Debug|x64.ActiveCfg = Debug|x64
		{65705305-8F64-447C-B9C3-189C11239C74}.Debug|x64.Build.0 = Debug|x64
		{65705305-8F64-447C-B9C3-189C11239C74}.Debug|x64.Deploy.0 = Debug|x64
		{65705305-8F64-447C-B9C3-189C11239C74}.Debug|x86.ActiveCfg = Debug|x86
		{65705305-8F64-447C-B9C3-189C11239C74}.Debug|x86.Build.0 = Debug|x86
		{65705305-8F64-447C-B9C3-189C11239C74}.Debug|x86.Deploy.0 = Debug|x86
		{65705305-8F64-447C-B9C3-189C11239C74}.Release|Any CPU.ActiveCfg = Release|x64
		{65705305-8F64-447C-B9C3-189C11239C74}.Release|ARM.ActiveCfg = Release|ARM
		{65705305-8F64-447C-B9C3-189C11239C74}.Release|ARM.Build.0 = Release|ARM
		{65705305-8F64-447C-B9C3-189C11239C74}.Release|ARM.Deploy.0 = Release|ARM
		{65705305-8F64-447C-B9C3-189C11239C74}.Release|iPhone.ActiveCfg = Release|x64
		{65705305-8F64-447C-B9C3-189C11239C74}.Release|iPhoneSimulator.ActiveCfg = Release|x64
		{65705305-8F64-447C-B9C3-189C11239C74}.Release|x64.ActiveCfg = Release|x64
		{65705305-8F64-447C-B9C3-189C11239C74}.Release|x64.Build.0 = Release|x64
		{65705305-8F64-447C-B9C3-189C11239C74}.Release|x64.Deploy.0 = Release|x64
		{65705305-8F64-447C-B9C3-189C11239C74}.Release|x86.ActiveCfg = Release|x86
		{65705305-8F64-447C-B9C3-189C11239C74}.Release|x86.Build.0 = Release|x86
		{65705305-8F64-447C-B9C3-189C11239C74}.Release|x86.Deploy.0 = Release|x86
		{CC2003A8-05C2-4441-98C7-D0525654A2DC}.Android Debug|Any CPU.ActiveCfg = Debug|Any CPU
		{CC2003A8-05C2-4441-98C7-D0525654A2DC}.Android Debug|Any CPU.Build.0 = Debug|Any CPU
		{CC2003A8-05C2-4441-98C7-D0525654A2DC}.Android Debug|Any CPU.Deploy.0 = Debug|Any CPU
		{CC2003A8-05C2-4441-98C7-D0525654A2DC}.Android Debug|ARM.ActiveCfg = Debug|Any CPU
		{CC2003A8-05C2-4441-98C7-D0525654A2DC}.Android Debug|ARM.Build.0 = Debug|Any CPU
		{CC2003A8-05C2-4441-98C7-D0525654A2DC}.Android Debug|ARM.Deploy.0 = Debug|Any CPU
		{CC2003A8-05C2-4441-98C7-D0525654A2DC}.Android Debug|iPhone.ActiveCfg = Debug|Any CPU
		{CC2003A8-05C2-4441-98C7-D0525654A2DC}.Android Debug|iPhone.Build.0 = Debug|Any CPU
		{CC2003A8-05C2-4441-98C7-D0525654A2DC}.Android Debug|iPhone.Deploy.0 = Debug|Any CPU
		{CC2003A8-05C2-4441-98C7-D0525654A2DC}.Android Debug|iPhoneSimulator.ActiveCfg = Debug|Any CPU
		{CC2003A8-05C2-4441-98C7-D0525654A2DC}.Android Debug|iPhoneSimulator.Build.0 = Debug|Any CPU
		{CC2003A8-05C2-4441-98C7-D0525654A2DC}.Android Debug|iPhoneSimulator.Deploy.0 = Debug|Any CPU
		{CC2003A8-05C2-4441-98C7-D0525654A2DC}.Android Debug|x64.ActiveCfg = Debug|Any CPU
		{CC2003A8-05C2-4441-98C7-D0525654A2DC}.Android Debug|x64.Build.0 = Debug|Any CPU
		{CC2003A8-05C2-4441-98C7-D0525654A2DC}.Android Debug|x64.Deploy.0 = Debug|Any CPU
		{CC2003A8-05C2-4441-98C7-D0525654A2DC}.Android Debug|x86.ActiveCfg = Debug|Any CPU
		{CC2003A8-05C2-4441-98C7-D0525654A2DC}.Android Debug|x86.Build.0 = Debug|Any CPU
		{CC2003A8-05C2-4441-98C7-D0525654A2DC}.Android Debug|x86.Deploy.0 = Debug|Any CPU
		{CC2003A8-05C2-4441-98C7-D0525654A2DC}.Debug|Any CPU.ActiveCfg = Debug|Any CPU
		{CC2003A8-05C2-4441-98C7-D0525654A2DC}.Debug|Any CPU.Build.0 = Debug|Any CPU
		{CC2003A8-05C2-4441-98C7-D0525654A2DC}.Debug|Any CPU.Deploy.0 = Debug|Any CPU
		{CC2003A8-05C2-4441-98C7-D0525654A2DC}.Debug|ARM.ActiveCfg = Debug|Any CPU
		{CC2003A8-05C2-4441-98C7-D0525654A2DC}.Debug|ARM.Build.0 = Debug|Any CPU
		{CC2003A8-05C2-4441-98C7-D0525654A2DC}.Debug|ARM.Deploy.0 = Debug|Any CPU
		{CC2003A8-05C2-4441-98C7-D0525654A2DC}.Debug|iPhone.ActiveCfg = Debug|Any CPU
		{CC2003A8-05C2-4441-98C7-D0525654A2DC}.Debug|iPhone.Build.0 = Debug|Any CPU
		{CC2003A8-05C2-4441-98C7-D0525654A2DC}.Debug|iPhone.Deploy.0 = Debug|Any CPU
		{CC2003A8-05C2-4441-98C7-D0525654A2DC}.Debug|iPhoneSimulator.ActiveCfg = Debug|Any CPU
		{CC2003A8-05C2-4441-98C7-D0525654A2DC}.Debug|iPhoneSimulator.Build.0 = Debug|Any CPU
		{CC2003A8-05C2-4441-98C7-D0525654A2DC}.Debug|iPhoneSimulator.Deploy.0 = Debug|Any CPU
		{CC2003A8-05C2-4441-98C7-D0525654A2DC}.Debug|x64.ActiveCfg = Debug|Any CPU
		{CC2003A8-05C2-4441-98C7-D0525654A2DC}.Debug|x64.Build.0 = Debug|Any CPU
		{CC2003A8-05C2-4441-98C7-D0525654A2DC}.Debug|x64.Deploy.0 = Debug|Any CPU
		{CC2003A8-05C2-4441-98C7-D0525654A2DC}.Debug|x86.ActiveCfg = Debug|Any CPU
		{CC2003A8-05C2-4441-98C7-D0525654A2DC}.Debug|x86.Build.0 = Debug|Any CPU
		{CC2003A8-05C2-4441-98C7-D0525654A2DC}.Debug|x86.Deploy.0 = Debug|Any CPU
		{CC2003A8-05C2-4441-98C7-D0525654A2DC}.Release|Any CPU.ActiveCfg = Release|Any CPU
		{CC2003A8-05C2-4441-98C7-D0525654A2DC}.Release|Any CPU.Build.0 = Release|Any CPU
		{CC2003A8-05C2-4441-98C7-D0525654A2DC}.Release|Any CPU.Deploy.0 = Release|Any CPU
		{CC2003A8-05C2-4441-98C7-D0525654A2DC}.Release|ARM.ActiveCfg = Release|Any CPU
		{CC2003A8-05C2-4441-98C7-D0525654A2DC}.Release|ARM.Build.0 = Release|Any CPU
		{CC2003A8-05C2-4441-98C7-D0525654A2DC}.Release|ARM.Deploy.0 = Release|Any CPU
		{CC2003A8-05C2-4441-98C7-D0525654A2DC}.Release|iPhone.ActiveCfg = Release|Any CPU
		{CC2003A8-05C2-4441-98C7-D0525654A2DC}.Release|iPhone.Build.0 = Release|Any CPU
		{CC2003A8-05C2-4441-98C7-D0525654A2DC}.Release|iPhone.Deploy.0 = Release|Any CPU
		{CC2003A8-05C2-4441-98C7-D0525654A2DC}.Release|iPhoneSimulator.ActiveCfg = Release|Any CPU
		{CC2003A8-05C2-4441-98C7-D0525654A2DC}.Release|iPhoneSimulator.Build.0 = Release|Any CPU
		{CC2003A8-05C2-4441-98C7-D0525654A2DC}.Release|iPhoneSimulator.Deploy.0 = Release|Any CPU
		{CC2003A8-05C2-4441-98C7-D0525654A2DC}.Release|x64.ActiveCfg = Release|Any CPU
		{CC2003A8-05C2-4441-98C7-D0525654A2DC}.Release|x64.Build.0 = Release|Any CPU
		{CC2003A8-05C2-4441-98C7-D0525654A2DC}.Release|x64.Deploy.0 = Release|Any CPU
		{CC2003A8-05C2-4441-98C7-D0525654A2DC}.Release|x86.ActiveCfg = Release|Any CPU
		{CC2003A8-05C2-4441-98C7-D0525654A2DC}.Release|x86.Build.0 = Release|Any CPU
		{CC2003A8-05C2-4441-98C7-D0525654A2DC}.Release|x86.Deploy.0 = Release|Any CPU
		{8449696F-A0A1-47DD-A73A-88AE03B2AB15}.Android Debug|Any CPU.ActiveCfg = Debug|iPhoneSimulator
		{8449696F-A0A1-47DD-A73A-88AE03B2AB15}.Android Debug|Any CPU.Build.0 = Debug|iPhoneSimulator
		{8449696F-A0A1-47DD-A73A-88AE03B2AB15}.Android Debug|ARM.ActiveCfg = Debug|iPhoneSimulator
		{8449696F-A0A1-47DD-A73A-88AE03B2AB15}.Android Debug|ARM.Build.0 = Debug|iPhoneSimulator
		{8449696F-A0A1-47DD-A73A-88AE03B2AB15}.Android Debug|iPhone.ActiveCfg = Debug|iPhone
		{8449696F-A0A1-47DD-A73A-88AE03B2AB15}.Android Debug|iPhone.Build.0 = Debug|iPhone
		{8449696F-A0A1-47DD-A73A-88AE03B2AB15}.Android Debug|iPhoneSimulator.ActiveCfg = Debug|iPhoneSimulator
		{8449696F-A0A1-47DD-A73A-88AE03B2AB15}.Android Debug|iPhoneSimulator.Build.0 = Debug|iPhoneSimulator
		{8449696F-A0A1-47DD-A73A-88AE03B2AB15}.Android Debug|x64.ActiveCfg = Debug|iPhoneSimulator
		{8449696F-A0A1-47DD-A73A-88AE03B2AB15}.Android Debug|x64.Build.0 = Debug|iPhoneSimulator
		{8449696F-A0A1-47DD-A73A-88AE03B2AB15}.Android Debug|x86.ActiveCfg = Debug|iPhoneSimulator
		{8449696F-A0A1-47DD-A73A-88AE03B2AB15}.Android Debug|x86.Build.0 = Debug|iPhoneSimulator
		{8449696F-A0A1-47DD-A73A-88AE03B2AB15}.Debug|Any CPU.ActiveCfg = Debug|iPhone
		{8449696F-A0A1-47DD-A73A-88AE03B2AB15}.Debug|Any CPU.Build.0 = Debug|iPhone
		{8449696F-A0A1-47DD-A73A-88AE03B2AB15}.Debug|Any CPU.Deploy.0 = Debug|iPhone
		{8449696F-A0A1-47DD-A73A-88AE03B2AB15}.Debug|ARM.ActiveCfg = Debug|iPhoneSimulator
		{8449696F-A0A1-47DD-A73A-88AE03B2AB15}.Debug|ARM.Build.0 = Debug|iPhoneSimulator
		{8449696F-A0A1-47DD-A73A-88AE03B2AB15}.Debug|ARM.Deploy.0 = Debug|iPhoneSimulator
		{8449696F-A0A1-47DD-A73A-88AE03B2AB15}.Debug|iPhone.ActiveCfg = Debug|iPhone
		{8449696F-A0A1-47DD-A73A-88AE03B2AB15}.Debug|iPhone.Build.0 = Debug|iPhone
		{8449696F-A0A1-47DD-A73A-88AE03B2AB15}.Debug|iPhone.Deploy.0 = Debug|iPhone
		{8449696F-A0A1-47DD-A73A-88AE03B2AB15}.Debug|iPhoneSimulator.ActiveCfg = Debug|iPhoneSimulator
		{8449696F-A0A1-47DD-A73A-88AE03B2AB15}.Debug|iPhoneSimulator.Build.0 = Debug|iPhoneSimulator
		{8449696F-A0A1-47DD-A73A-88AE03B2AB15}.Debug|iPhoneSimulator.Deploy.0 = Debug|iPhoneSimulator
		{8449696F-A0A1-47DD-A73A-88AE03B2AB15}.Debug|x64.ActiveCfg = Debug|iPhoneSimulator
		{8449696F-A0A1-47DD-A73A-88AE03B2AB15}.Debug|x64.Build.0 = Debug|iPhoneSimulator
		{8449696F-A0A1-47DD-A73A-88AE03B2AB15}.Debug|x64.Deploy.0 = Debug|iPhoneSimulator
		{8449696F-A0A1-47DD-A73A-88AE03B2AB15}.Debug|x86.ActiveCfg = Debug|iPhoneSimulator
		{8449696F-A0A1-47DD-A73A-88AE03B2AB15}.Debug|x86.Build.0 = Debug|iPhoneSimulator
		{8449696F-A0A1-47DD-A73A-88AE03B2AB15}.Debug|x86.Deploy.0 = Debug|iPhoneSimulator
		{8449696F-A0A1-47DD-A73A-88AE03B2AB15}.Release|Any CPU.ActiveCfg = Release|iPhoneSimulator
		{8449696F-A0A1-47DD-A73A-88AE03B2AB15}.Release|Any CPU.Build.0 = Release|iPhoneSimulator
		{8449696F-A0A1-47DD-A73A-88AE03B2AB15}.Release|Any CPU.Deploy.0 = Release|iPhoneSimulator
		{8449696F-A0A1-47DD-A73A-88AE03B2AB15}.Release|ARM.ActiveCfg = Release|iPhoneSimulator
		{8449696F-A0A1-47DD-A73A-88AE03B2AB15}.Release|ARM.Build.0 = Release|iPhoneSimulator
		{8449696F-A0A1-47DD-A73A-88AE03B2AB15}.Release|ARM.Deploy.0 = Release|iPhoneSimulator
		{8449696F-A0A1-47DD-A73A-88AE03B2AB15}.Release|iPhone.ActiveCfg = Release|iPhone
		{8449696F-A0A1-47DD-A73A-88AE03B2AB15}.Release|iPhone.Build.0 = Release|iPhone
		{8449696F-A0A1-47DD-A73A-88AE03B2AB15}.Release|iPhone.Deploy.0 = Release|iPhone
		{8449696F-A0A1-47DD-A73A-88AE03B2AB15}.Release|iPhoneSimulator.ActiveCfg = Release|iPhoneSimulator
		{8449696F-A0A1-47DD-A73A-88AE03B2AB15}.Release|iPhoneSimulator.Build.0 = Release|iPhoneSimulator
		{8449696F-A0A1-47DD-A73A-88AE03B2AB15}.Release|iPhoneSimulator.Deploy.0 = Release|iPhoneSimulator
		{8449696F-A0A1-47DD-A73A-88AE03B2AB15}.Release|x64.ActiveCfg = Release|iPhoneSimulator
		{8449696F-A0A1-47DD-A73A-88AE03B2AB15}.Release|x64.Build.0 = Release|iPhoneSimulator
		{8449696F-A0A1-47DD-A73A-88AE03B2AB15}.Release|x64.Deploy.0 = Release|iPhoneSimulator
		{8449696F-A0A1-47DD-A73A-88AE03B2AB15}.Release|x86.ActiveCfg = Release|iPhoneSimulator
		{8449696F-A0A1-47DD-A73A-88AE03B2AB15}.Release|x86.Build.0 = Release|iPhoneSimulator
		{8449696F-A0A1-47DD-A73A-88AE03B2AB15}.Release|x86.Deploy.0 = Release|iPhoneSimulator
		{B023473B-4036-4831-8ABB-0C60D877C376}.Android Debug|Any CPU.ActiveCfg = Debug|Any CPU
		{B023473B-4036-4831-8ABB-0C60D877C376}.Android Debug|Any CPU.Build.0 = Debug|Any CPU
		{B023473B-4036-4831-8ABB-0C60D877C376}.Android Debug|ARM.ActiveCfg = Debug|Any CPU
		{B023473B-4036-4831-8ABB-0C60D877C376}.Android Debug|ARM.Build.0 = Debug|Any CPU
		{B023473B-4036-4831-8ABB-0C60D877C376}.Android Debug|iPhone.ActiveCfg = Debug|Any CPU
		{B023473B-4036-4831-8ABB-0C60D877C376}.Android Debug|iPhone.Build.0 = Debug|Any CPU
		{B023473B-4036-4831-8ABB-0C60D877C376}.Android Debug|iPhoneSimulator.ActiveCfg = Debug|Any CPU
		{B023473B-4036-4831-8ABB-0C60D877C376}.Android Debug|iPhoneSimulator.Build.0 = Debug|Any CPU
		{B023473B-4036-4831-8ABB-0C60D877C376}.Android Debug|x64.ActiveCfg = Debug|Any CPU
		{B023473B-4036-4831-8ABB-0C60D877C376}.Android Debug|x64.Build.0 = Debug|Any CPU
		{B023473B-4036-4831-8ABB-0C60D877C376}.Android Debug|x86.ActiveCfg = Debug|Any CPU
		{B023473B-4036-4831-8ABB-0C60D877C376}.Android Debug|x86.Build.0 = Debug|Any CPU
		{B023473B-4036-4831-8ABB-0C60D877C376}.Debug|Any CPU.ActiveCfg = Debug|Any CPU
		{B023473B-4036-4831-8ABB-0C60D877C376}.Debug|Any CPU.Build.0 = Debug|Any CPU
		{B023473B-4036-4831-8ABB-0C60D877C376}.Debug|Any CPU.Deploy.0 = Debug|Any CPU
		{B023473B-4036-4831-8ABB-0C60D877C376}.Debug|ARM.ActiveCfg = Debug|Any CPU
		{B023473B-4036-4831-8ABB-0C60D877C376}.Debug|ARM.Build.0 = Debug|Any CPU
		{B023473B-4036-4831-8ABB-0C60D877C376}.Debug|ARM.Deploy.0 = Debug|Any CPU
		{B023473B-4036-4831-8ABB-0C60D877C376}.Debug|iPhone.ActiveCfg = Debug|Any CPU
		{B023473B-4036-4831-8ABB-0C60D877C376}.Debug|iPhone.Build.0 = Debug|Any CPU
		{B023473B-4036-4831-8ABB-0C60D877C376}.Debug|iPhone.Deploy.0 = Debug|Any CPU
		{B023473B-4036-4831-8ABB-0C60D877C376}.Debug|iPhoneSimulator.ActiveCfg = Debug|Any CPU
		{B023473B-4036-4831-8ABB-0C60D877C376}.Debug|iPhoneSimulator.Build.0 = Debug|Any CPU
		{B023473B-4036-4831-8ABB-0C60D877C376}.Debug|iPhoneSimulator.Deploy.0 = Debug|Any CPU
		{B023473B-4036-4831-8ABB-0C60D877C376}.Debug|x64.ActiveCfg = Debug|Any CPU
		{B023473B-4036-4831-8ABB-0C60D877C376}.Debug|x64.Build.0 = Debug|Any CPU
		{B023473B-4036-4831-8ABB-0C60D877C376}.Debug|x64.Deploy.0 = Debug|Any CPU
		{B023473B-4036-4831-8ABB-0C60D877C376}.Debug|x86.ActiveCfg = Debug|Any CPU
		{B023473B-4036-4831-8ABB-0C60D877C376}.Debug|x86.Build.0 = Debug|Any CPU
		{B023473B-4036-4831-8ABB-0C60D877C376}.Debug|x86.Deploy.0 = Debug|Any CPU
		{B023473B-4036-4831-8ABB-0C60D877C376}.Release|Any CPU.ActiveCfg = Release|Any CPU
		{B023473B-4036-4831-8ABB-0C60D877C376}.Release|Any CPU.Build.0 = Release|Any CPU
		{B023473B-4036-4831-8ABB-0C60D877C376}.Release|Any CPU.Deploy.0 = Release|Any CPU
		{B023473B-4036-4831-8ABB-0C60D877C376}.Release|ARM.ActiveCfg = Release|Any CPU
		{B023473B-4036-4831-8ABB-0C60D877C376}.Release|ARM.Build.0 = Release|Any CPU
		{B023473B-4036-4831-8ABB-0C60D877C376}.Release|ARM.Deploy.0 = Release|Any CPU
		{B023473B-4036-4831-8ABB-0C60D877C376}.Release|iPhone.ActiveCfg = Release|Any CPU
		{B023473B-4036-4831-8ABB-0C60D877C376}.Release|iPhone.Build.0 = Release|Any CPU
		{B023473B-4036-4831-8ABB-0C60D877C376}.Release|iPhone.Deploy.0 = Release|Any CPU
		{B023473B-4036-4831-8ABB-0C60D877C376}.Release|iPhoneSimulator.ActiveCfg = Release|Any CPU
		{B023473B-4036-4831-8ABB-0C60D877C376}.Release|iPhoneSimulator.Build.0 = Release|Any CPU
		{B023473B-4036-4831-8ABB-0C60D877C376}.Release|iPhoneSimulator.Deploy.0 = Release|Any CPU
		{B023473B-4036-4831-8ABB-0C60D877C376}.Release|x64.ActiveCfg = Release|Any CPU
		{B023473B-4036-4831-8ABB-0C60D877C376}.Release|x64.Build.0 = Release|Any CPU
		{B023473B-4036-4831-8ABB-0C60D877C376}.Release|x64.Deploy.0 = Release|Any CPU
		{B023473B-4036-4831-8ABB-0C60D877C376}.Release|x86.ActiveCfg = Release|Any CPU
		{B023473B-4036-4831-8ABB-0C60D877C376}.Release|x86.Build.0 = Release|Any CPU
		{B023473B-4036-4831-8ABB-0C60D877C376}.Release|x86.Deploy.0 = Release|Any CPU
		{ACB30587-BF66-469B-84FA-4457EBD30E47}.Android Debug|Any CPU.ActiveCfg = Debug|Any CPU
		{ACB30587-BF66-469B-84FA-4457EBD30E47}.Android Debug|Any CPU.Build.0 = Debug|Any CPU
		{ACB30587-BF66-469B-84FA-4457EBD30E47}.Android Debug|ARM.ActiveCfg = Debug|Any CPU
		{ACB30587-BF66-469B-84FA-4457EBD30E47}.Android Debug|ARM.Build.0 = Debug|Any CPU
		{ACB30587-BF66-469B-84FA-4457EBD30E47}.Android Debug|iPhone.ActiveCfg = Debug|Any CPU
		{ACB30587-BF66-469B-84FA-4457EBD30E47}.Android Debug|iPhone.Build.0 = Debug|Any CPU
		{ACB30587-BF66-469B-84FA-4457EBD30E47}.Android Debug|iPhoneSimulator.ActiveCfg = Debug|Any CPU
		{ACB30587-BF66-469B-84FA-4457EBD30E47}.Android Debug|iPhoneSimulator.Build.0 = Debug|Any CPU
		{ACB30587-BF66-469B-84FA-4457EBD30E47}.Android Debug|x64.ActiveCfg = Debug|Any CPU
		{ACB30587-BF66-469B-84FA-4457EBD30E47}.Android Debug|x64.Build.0 = Debug|Any CPU
		{ACB30587-BF66-469B-84FA-4457EBD30E47}.Android Debug|x86.ActiveCfg = Debug|Any CPU
		{ACB30587-BF66-469B-84FA-4457EBD30E47}.Android Debug|x86.Build.0 = Debug|Any CPU
		{ACB30587-BF66-469B-84FA-4457EBD30E47}.Debug|Any CPU.ActiveCfg = Debug|Any CPU
		{ACB30587-BF66-469B-84FA-4457EBD30E47}.Debug|Any CPU.Build.0 = Debug|Any CPU
		{ACB30587-BF66-469B-84FA-4457EBD30E47}.Debug|ARM.ActiveCfg = Debug|Any CPU
		{ACB30587-BF66-469B-84FA-4457EBD30E47}.Debug|ARM.Build.0 = Debug|Any CPU
		{ACB30587-BF66-469B-84FA-4457EBD30E47}.Debug|iPhone.ActiveCfg = Debug|Any CPU
		{ACB30587-BF66-469B-84FA-4457EBD30E47}.Debug|iPhone.Build.0 = Debug|Any CPU
		{ACB30587-BF66-469B-84FA-4457EBD30E47}.Debug|iPhoneSimulator.ActiveCfg = Debug|Any CPU
		{ACB30587-BF66-469B-84FA-4457EBD30E47}.Debug|iPhoneSimulator.Build.0 = Debug|Any CPU
		{ACB30587-BF66-469B-84FA-4457EBD30E47}.Debug|x64.ActiveCfg = Debug|Any CPU
		{ACB30587-BF66-469B-84FA-4457EBD30E47}.Debug|x64.Build.0 = Debug|Any CPU
		{ACB30587-BF66-469B-84FA-4457EBD30E47}.Debug|x86.ActiveCfg = Debug|Any CPU
		{ACB30587-BF66-469B-84FA-4457EBD30E47}.Debug|x86.Build.0 = Debug|Any CPU
		{ACB30587-BF66-469B-84FA-4457EBD30E47}.Release|Any CPU.ActiveCfg = Release|Any CPU
		{ACB30587-BF66-469B-84FA-4457EBD30E47}.Release|Any CPU.Build.0 = Release|Any CPU
		{ACB30587-BF66-469B-84FA-4457EBD30E47}.Release|ARM.ActiveCfg = Release|Any CPU
		{ACB30587-BF66-469B-84FA-4457EBD30E47}.Release|ARM.Build.0 = Release|Any CPU
		{ACB30587-BF66-469B-84FA-4457EBD30E47}.Release|iPhone.ActiveCfg = Release|Any CPU
		{ACB30587-BF66-469B-84FA-4457EBD30E47}.Release|iPhone.Build.0 = Release|Any CPU
		{ACB30587-BF66-469B-84FA-4457EBD30E47}.Release|iPhoneSimulator.ActiveCfg = Release|Any CPU
		{ACB30587-BF66-469B-84FA-4457EBD30E47}.Release|iPhoneSimulator.Build.0 = Release|Any CPU
		{ACB30587-BF66-469B-84FA-4457EBD30E47}.Release|x64.ActiveCfg = Release|Any CPU
		{ACB30587-BF66-469B-84FA-4457EBD30E47}.Release|x64.Build.0 = Release|Any CPU
		{ACB30587-BF66-469B-84FA-4457EBD30E47}.Release|x86.ActiveCfg = Release|Any CPU
		{ACB30587-BF66-469B-84FA-4457EBD30E47}.Release|x86.Build.0 = Release|Any CPU
		{9AC95819-2643-4D1A-A164-7A659D9D7433}.Android Debug|Any CPU.ActiveCfg = Android Debug|Any CPU
		{9AC95819-2643-4D1A-A164-7A659D9D7433}.Android Debug|Any CPU.Build.0 = Android Debug|Any CPU
		{9AC95819-2643-4D1A-A164-7A659D9D7433}.Android Debug|ARM.ActiveCfg = Android Debug|Any CPU
		{9AC95819-2643-4D1A-A164-7A659D9D7433}.Android Debug|ARM.Build.0 = Android Debug|Any CPU
		{9AC95819-2643-4D1A-A164-7A659D9D7433}.Android Debug|iPhone.ActiveCfg = Android Debug|Any CPU
		{9AC95819-2643-4D1A-A164-7A659D9D7433}.Android Debug|iPhone.Build.0 = Android Debug|Any CPU
		{9AC95819-2643-4D1A-A164-7A659D9D7433}.Android Debug|iPhoneSimulator.ActiveCfg = Android Debug|Any CPU
		{9AC95819-2643-4D1A-A164-7A659D9D7433}.Android Debug|iPhoneSimulator.Build.0 = Android Debug|Any CPU
		{9AC95819-2643-4D1A-A164-7A659D9D7433}.Android Debug|x64.ActiveCfg = Android Debug|Any CPU
		{9AC95819-2643-4D1A-A164-7A659D9D7433}.Android Debug|x64.Build.0 = Android Debug|Any CPU
		{9AC95819-2643-4D1A-A164-7A659D9D7433}.Android Debug|x86.ActiveCfg = Android Debug|Any CPU
		{9AC95819-2643-4D1A-A164-7A659D9D7433}.Android Debug|x86.Build.0 = Android Debug|Any CPU
		{9AC95819-2643-4D1A-A164-7A659D9D7433}.Debug|Any CPU.ActiveCfg = Debug|Any CPU
		{9AC95819-2643-4D1A-A164-7A659D9D7433}.Debug|Any CPU.Build.0 = Debug|Any CPU
		{9AC95819-2643-4D1A-A164-7A659D9D7433}.Debug|ARM.ActiveCfg = Debug|Any CPU
		{9AC95819-2643-4D1A-A164-7A659D9D7433}.Debug|ARM.Build.0 = Debug|Any CPU
		{9AC95819-2643-4D1A-A164-7A659D9D7433}.Debug|iPhone.ActiveCfg = Debug|Any CPU
		{9AC95819-2643-4D1A-A164-7A659D9D7433}.Debug|iPhone.Build.0 = Debug|Any CPU
		{9AC95819-2643-4D1A-A164-7A659D9D7433}.Debug|iPhoneSimulator.ActiveCfg = Debug|Any CPU
		{9AC95819-2643-4D1A-A164-7A659D9D7433}.Debug|iPhoneSimulator.Build.0 = Debug|Any CPU
		{9AC95819-2643-4D1A-A164-7A659D9D7433}.Debug|x64.ActiveCfg = Debug|Any CPU
		{9AC95819-2643-4D1A-A164-7A659D9D7433}.Debug|x64.Build.0 = Debug|Any CPU
		{9AC95819-2643-4D1A-A164-7A659D9D7433}.Debug|x86.ActiveCfg = Debug|Any CPU
		{9AC95819-2643-4D1A-A164-7A659D9D7433}.Debug|x86.Build.0 = Debug|Any CPU
		{9AC95819-2643-4D1A-A164-7A659D9D7433}.Release|Any CPU.ActiveCfg = Release|Any CPU
		{9AC95819-2643-4D1A-A164-7A659D9D7433}.Release|Any CPU.Build.0 = Release|Any CPU
		{9AC95819-2643-4D1A-A164-7A659D9D7433}.Release|ARM.ActiveCfg = Release|Any CPU
		{9AC95819-2643-4D1A-A164-7A659D9D7433}.Release|ARM.Build.0 = Release|Any CPU
		{9AC95819-2643-4D1A-A164-7A659D9D7433}.Release|iPhone.ActiveCfg = Release|Any CPU
		{9AC95819-2643-4D1A-A164-7A659D9D7433}.Release|iPhone.Build.0 = Release|Any CPU
		{9AC95819-2643-4D1A-A164-7A659D9D7433}.Release|iPhoneSimulator.ActiveCfg = Release|Any CPU
		{9AC95819-2643-4D1A-A164-7A659D9D7433}.Release|iPhoneSimulator.Build.0 = Release|Any CPU
		{9AC95819-2643-4D1A-A164-7A659D9D7433}.Release|x64.ActiveCfg = Release|Any CPU
		{9AC95819-2643-4D1A-A164-7A659D9D7433}.Release|x64.Build.0 = Release|Any CPU
		{9AC95819-2643-4D1A-A164-7A659D9D7433}.Release|x86.ActiveCfg = Release|Any CPU
		{9AC95819-2643-4D1A-A164-7A659D9D7433}.Release|x86.Build.0 = Release|Any CPU
	EndGlobalSection
	GlobalSection(SolutionProperties) = preSolution
		HideSolutionNode = FALSE
	EndGlobalSection
	GlobalSection(ExtensibilityGlobals) = postSolution
		SolutionGuid = {01BFBA31-D5E3-4F83-AB43-EC5959DF2D78}
	EndGlobalSection
EndGlobal
