
Microsoft Visual Studio Solution File, Format Version 12.00
# Visual Studio 15
Project("{FAE04EC0-301F-11D3-BF4B-00C04F79EFBC}") = "Feitian.CardReader.iOS", "Feitian.CardReader.iOS.csproj", "{9AC95819-2643-4D1A-A164-7A659D9D7433}"
EndProject
Global
	GlobalSection(SolutionConfigurationPlatforms) = preSolution
		Debug|Any CPU = Debug|Any CPU
		Release|Any CPU = Release|Any CPU
		Android Debug|Any CPU = Android Debug|Any CPU
	EndGlobalSection
	GlobalSection(ProjectConfigurationPlatforms) = postSolution
		{9AC95819-2643-4D1A-A164-7A659D9D7433}.Debug|Any CPU.ActiveCfg = Debug|Any CPU
		{9AC95819-2643-4D1A-A164-7A659D9D7433}.Debug|Any CPU.Build.0 = Debug|Any CPU
		{9AC95819-2643-4D1A-A164-7A659D9D7433}.Release|Any CPU.ActiveCfg = Release|Any CPU
		{9AC95819-2643-4D1A-A164-7A659D9D7433}.Release|Any CPU.Build.0 = Release|Any CPU
		{9AC95819-2643-4D1A-A164-7A659D9D7433}.Android Debug|Any CPU.ActiveCfg = Android Debug|Any CPU
		{9AC95819-2643-4D1A-A164-7A659D9D7433}.Android Debug|Any CPU.Build.0 = Android Debug|Any CPU
	EndGlobalSection
EndGlobal
