// !$*UTF8*$!
{
	archiveVersion = 1;
	classes = {
	};
	objectVersion = 50;
	objects = {

/* Begin PBXBuildFile section */
		4A4E38CD217580B600C3F62F /* AppDelegate.m in Sources */ = {isa = PBXBuildFile; fileRef = 4A4E38CC217580B600C3F62F /* AppDelegate.m */; };
		4A4E38D0217580B600C3F62F /* ViewController.mm in Sources */ = {isa = PBXBuildFile; fileRef = 4A4E38CF217580B600C3F62F /* ViewController.mm */; };
		4A4E38D3217580B600C3F62F /* Main.storyboard in Resources */ = {isa = PBXBuildFile; fileRef = 4A4E38D1217580B600C3F62F /* Main.storyboard */; };
		4A4E38D5217580CA00C3F62F /* Assets.xcassets in Resources */ = {isa = PBXBuildFile; fileRef = 4A4E38D4217580CA00C3F62F /* Assets.xcassets */; };
		4A4E38D8217580CA00C3F62F /* LaunchScreen.storyboard in Resources */ = {isa = PBXBuildFile; fileRef = 4A4E38D6217580CA00C3F62F /* LaunchScreen.storyboard */; };
		4A4E38DB217580CA00C3F62F /* main.m in Sources */ = {isa = PBXBuildFile; fileRef = 4A4E38DA217580CA00C3F62F /* main.m */; };
		4A4E38E5217580CA00C3F62F /* iReader_BasicTests.m in Sources */ = {isa = PBXBuildFile; fileRef = 4A4E38E4217580CA00C3F62F /* iReader_BasicTests.m */; };
		4A4E38F0217580CA00C3F62F /* iReader_BasicUITests.m in Sources */ = {isa = PBXBuildFile; fileRef = 4A4E38EF217580CA00C3F62F /* iReader_BasicUITests.m */; };
		4A4E39082175831200C3F62F /* ExternalAccessory.framework in Frameworks */ = {isa = PBXBuildFile; fileRef = 4A4E39072175831200C3F62F /* ExternalAccessory.framework */; };
		4A4E390A2175831800C3F62F /* CoreBluetooth.framework in Frameworks */ = {isa = PBXBuildFile; fileRef = 4A4E39092175831800C3F62F /* CoreBluetooth.framework */; };
		4A4E391621758E8C00C3F62F /* Tools.m in Sources */ = {isa = PBXBuildFile; fileRef = 4A4E391521758E8C00C3F62F /* Tools.m */; };
		4A4E391A2175B94300C3F62F /* hex.m in Sources */ = {isa = PBXBuildFile; fileRef = 4A4E39192175B94300C3F62F /* hex.m */; };
		4A4E39202175C58600C3F62F /* libiRockey301_ccid_3.5.30_Debug.a in Frameworks */ = {isa = PBXBuildFile; fileRef = 4A4E391F2175C58600C3F62F /* libiRockey301_ccid_3.5.30_Debug.a */; };
/* End PBXBuildFile section */

/* Begin PBXContainerItemProxy section */
		4A4E38E1217580CA00C3F62F /* PBXContainerItemProxy */ = {
			isa = PBXContainerItemProxy;
			containerPortal = 4A4E38C0217580B500C3F62F /* Project object */;
			proxyType = 1;
			remoteGlobalIDString = 4A4E38C7217580B600C3F62F;
			remoteInfo = iReader_Basic;
		};
		4A4E38EC217580CA00C3F62F /* PBXContainerItemProxy */ = {
			isa = PBXContainerItemProxy;
			containerPortal = 4A4E38C0217580B500C3F62F /* Project object */;
			proxyType = 1;
			remoteGlobalIDString = 4A4E38C7217580B600C3F62F;
			remoteInfo = iReader_Basic;
		};
/* End PBXContainerItemProxy section */

/* Begin PBXFileReference section */
		4A4E38C8217580B600C3F62F /* iReader_Basic.app */ = {isa = PBXFileReference; explicitFileType = wrapper.application; includeInIndex = 0; path = iReader_Basic.app; sourceTree = BUILT_PRODUCTS_DIR; };
		4A4E38CB217580B600C3F62F /* AppDelegate.h */ = {isa = PBXFileReference; lastKnownFileType = sourcecode.c.h; path = AppDelegate.h; sourceTree = "<group>"; };
		4A4E38CC217580B600C3F62F /* AppDelegate.m */ = {isa = PBXFileReference; lastKnownFileType = sourcecode.c.objc; path = AppDelegate.m; sourceTree = "<group>"; };
		4A4E38CE217580B600C3F62F /* ViewController.h */ = {isa = PBXFileReference; lastKnownFileType = sourcecode.c.h; path = ViewController.h; sourceTree = "<group>"; };
		4A4E38CF217580B600C3F62F /* ViewController.mm */ = {isa = PBXFileReference; lastKnownFileType = sourcecode.cpp.objcpp; path = ViewController.mm; sourceTree = "<group>"; };
		4A4E38D2217580B600C3F62F /* Base */ = {isa = PBXFileReference; lastKnownFileType = file.storyboard; name = Base; path = Base.lproj/Main.storyboard; sourceTree = "<group>"; };
		4A4E38D4217580CA00C3F62F /* Assets.xcassets */ = {isa = PBXFileReference; lastKnownFileType = folder.assetcatalog; path = Assets.xcassets; sourceTree = "<group>"; };
		4A4E38D7217580CA00C3F62F /* Base */ = {isa = PBXFileReference; lastKnownFileType = file.storyboard; name = Base; path = Base.lproj/LaunchScreen.storyboard; sourceTree = "<group>"; };
		4A4E38D9217580CA00C3F62F /* Info.plist */ = {isa = PBXFileReference; lastKnownFileType = text.plist.xml; path = Info.plist; sourceTree = "<group>"; };
		4A4E38DA217580CA00C3F62F /* main.m */ = {isa = PBXFileReference; lastKnownFileType = sourcecode.c.objc; path = main.m; sourceTree = "<group>"; };
		4A4E38E0217580CA00C3F62F /* iReader_BasicTests.xctest */ = {isa = PBXFileReference; explicitFileType = wrapper.cfbundle; includeInIndex = 0; path = iReader_BasicTests.xctest; sourceTree = BUILT_PRODUCTS_DIR; };
		4A4E38E4217580CA00C3F62F /* iReader_BasicTests.m */ = {isa = PBXFileReference; lastKnownFileType = sourcecode.c.objc; path = iReader_BasicTests.m; sourceTree = "<group>"; };
		4A4E38E6217580CA00C3F62F /* Info.plist */ = {isa = PBXFileReference; lastKnownFileType = text.plist.xml; path = Info.plist; sourceTree = "<group>"; };
		4A4E38EB217580CA00C3F62F /* iReader_BasicUITests.xctest */ = {isa = PBXFileReference; explicitFileType = wrapper.cfbundle; includeInIndex = 0; path = iReader_BasicUITests.xctest; sourceTree = BUILT_PRODUCTS_DIR; };
		4A4E38EF217580CA00C3F62F /* iReader_BasicUITests.m */ = {isa = PBXFileReference; lastKnownFileType = sourcecode.c.objc; path = iReader_BasicUITests.m; sourceTree = "<group>"; };
		4A4E38F1217580CA00C3F62F /* Info.plist */ = {isa = PBXFileReference; lastKnownFileType = text.plist.xml; path = Info.plist; sourceTree = "<group>"; };
		4A4E39072175831200C3F62F /* ExternalAccessory.framework */ = {isa = PBXFileReference; lastKnownFileType = wrapper.framework; name = ExternalAccessory.framework; path = System/Library/Frameworks/ExternalAccessory.framework; sourceTree = SDKROOT; };
		4A4E39092175831800C3F62F /* CoreBluetooth.framework */ = {isa = PBXFileReference; lastKnownFileType = wrapper.framework; name = CoreBluetooth.framework; path = System/Library/Frameworks/CoreBluetooth.framework; sourceTree = SDKROOT; };
		4A4E390D217583EA00C3F62F /* ft301u.h */ = {isa = PBXFileReference; fileEncoding = 4; lastKnownFileType = sourcecode.c.h; path = ft301u.h; sourceTree = "<group>"; };
		4A4E390E217583EA00C3F62F /* ReaderInterface.h */ = {isa = PBXFileReference; fileEncoding = 4; lastKnownFileType = sourcecode.c.h; path = ReaderInterface.h; sourceTree = "<group>"; };
		4A4E390F217583EA00C3F62F /* winscard.h */ = {isa = PBXFileReference; fileEncoding = 4; lastKnownFileType = sourcecode.c.h; path = winscard.h; sourceTree = "<group>"; };
		4A4E3910217583EA00C3F62F /* wintypes.h */ = {isa = PBXFileReference; fileEncoding = 4; lastKnownFileType = sourcecode.c.h; path = wintypes.h; sourceTree = "<group>"; };
		4A4E391421758E8B00C3F62F /* Tools.h */ = {isa = PBXFileReference; fileEncoding = 4; lastKnownFileType = sourcecode.c.h; path = Tools.h; sourceTree = "<group>"; };
		4A4E391521758E8C00C3F62F /* Tools.m */ = {isa = PBXFileReference; fileEncoding = 4; lastKnownFileType = sourcecode.c.objc; path = Tools.m; sourceTree = "<group>"; };
		4A4E39182175B94300C3F62F /* hex.h */ = {isa = PBXFileReference; fileEncoding = 4; lastKnownFileType = sourcecode.c.h; path = hex.h; sourceTree = "<group>"; };
		4A4E39192175B94300C3F62F /* hex.m */ = {isa = PBXFileReference; fileEncoding = 4; lastKnownFileType = sourcecode.c.objc; path = hex.m; sourceTree = "<group>"; };
		4A4E391F2175C58600C3F62F /* libiRockey301_ccid_3.5.30_Debug.a */ = {isa = PBXFileReference; lastKnownFileType = archive.ar; path = libiRockey301_ccid_3.5.30_Debug.a; sourceTree = "<group>"; };
/* End PBXFileReference section */

/* Begin PBXFrameworksBuildPhase section */
		4A4E38C5217580B600C3F62F /* Frameworks */ = {
			isa = PBXFrameworksBuildPhase;
			buildActionMask = 2147483647;
			files = (
				4A4E39202175C58600C3F62F /* libiRockey301_ccid_3.5.30_Debug.a in Frameworks */,
				4A4E390A2175831800C3F62F /* CoreBluetooth.framework in Frameworks */,
				4A4E39082175831200C3F62F /* ExternalAccessory.framework in Frameworks */,
			);
			runOnlyForDeploymentPostprocessing = 0;
		};
		4A4E38DD217580CA00C3F62F /* Frameworks */ = {
			isa = PBXFrameworksBuildPhase;
			buildActionMask = 2147483647;
			files = (
			);
			runOnlyForDeploymentPostprocessing = 0;
		};
		4A4E38E8217580CA00C3F62F /* Frameworks */ = {
			isa = PBXFrameworksBuildPhase;
			buildActionMask = 2147483647;
			files = (
			);
			runOnlyForDeploymentPostprocessing = 0;
		};
/* End PBXFrameworksBuildPhase section */

/* Begin PBXGroup section */
		4A4E38BF217580B500C3F62F = {
			isa = PBXGroup;
			children = (
				4A4E38CA217580B600C3F62F /* iReader_Basic */,
				4A4E38E3217580CA00C3F62F /* iReader_BasicTests */,
				4A4E38EE217580CA00C3F62F /* iReader_BasicUITests */,
				4A4E38C9217580B600C3F62F /* Products */,
				4A4E39062175831200C3F62F /* Frameworks */,
			);
			sourceTree = "<group>";
		};
		4A4E38C9217580B600C3F62F /* Products */ = {
			isa = PBXGroup;
			children = (
				4A4E38C8217580B600C3F62F /* iReader_Basic.app */,
				4A4E38E0217580CA00C3F62F /* iReader_BasicTests.xctest */,
				4A4E38EB217580CA00C3F62F /* iReader_BasicUITests.xctest */,
			);
			name = Products;
			sourceTree = "<group>";
		};
		4A4E38CA217580B600C3F62F /* iReader_Basic */ = {
			isa = PBXGroup;
			children = (
				4A4E390B217583EA00C3F62F /* SDK */,
				4A4E38CB217580B600C3F62F /* AppDelegate.h */,
				4A4E38CC217580B600C3F62F /* AppDelegate.m */,
				4A4E38CE217580B600C3F62F /* ViewController.h */,
				4A4E38CF217580B600C3F62F /* ViewController.mm */,
				4A4E39182175B94300C3F62F /* hex.h */,
				4A4E39192175B94300C3F62F /* hex.m */,
				4A4E391421758E8B00C3F62F /* Tools.h */,
				4A4E391521758E8C00C3F62F /* Tools.m */,
				4A4E38D1217580B600C3F62F /* Main.storyboard */,
				4A4E38D4217580CA00C3F62F /* Assets.xcassets */,
				4A4E38D6217580CA00C3F62F /* LaunchScreen.storyboard */,
				4A4E38D9217580CA00C3F62F /* Info.plist */,
				4A4E38DA217580CA00C3F62F /* main.m */,
			);
			path = iReader_Basic;
			sourceTree = "<group>";
		};
		4A4E38E3217580CA00C3F62F /* iReader_BasicTests */ = {
			isa = PBXGroup;
			children = (
				4A4E38E4217580CA00C3F62F /* iReader_BasicTests.m */,
				4A4E38E6217580CA00C3F62F /* Info.plist */,
			);
			path = iReader_BasicTests;
			sourceTree = "<group>";
		};
		4A4E38EE217580CA00C3F62F /* iReader_BasicUITests */ = {
			isa = PBXGroup;
			children = (
				4A4E38EF217580CA00C3F62F /* iReader_BasicUITests.m */,
				4A4E38F1217580CA00C3F62F /* Info.plist */,
			);
			path = iReader_BasicUITests;
			sourceTree = "<group>";
		};
		4A4E39062175831200C3F62F /* Frameworks */ = {
			isa = PBXGroup;
			children = (
				4A4E39092175831800C3F62F /* CoreBluetooth.framework */,
				4A4E39072175831200C3F62F /* ExternalAccessory.framework */,
			);
			name = Frameworks;
			sourceTree = "<group>";
		};
		4A4E390B217583EA00C3F62F /* SDK */ = {
			isa = PBXGroup;
			children = (
				4A4E390C217583EA00C3F62F /* include */,
				4A4E3911217583EA00C3F62F /* lib */,
			);
			path = SDK;
			sourceTree = "<group>";
		};
		4A4E390C217583EA00C3F62F /* include */ = {
			isa = PBXGroup;
			children = (
				4A4E390D217583EA00C3F62F /* ft301u.h */,
				4A4E390E217583EA00C3F62F /* ReaderInterface.h */,
				4A4E390F217583EA00C3F62F /* winscard.h */,
				4A4E3910217583EA00C3F62F /* wintypes.h */,
			);
			path = include;
			sourceTree = "<group>";
		};
		4A4E3911217583EA00C3F62F /* lib */ = {
			isa = PBXGroup;
			children = (
				4A4E391F2175C58600C3F62F /* libiRockey301_ccid_3.5.30_Debug.a */,
			);
			path = lib;
			sourceTree = "<group>";
		};
/* End PBXGroup section */

/* Begin PBXNativeTarget section */
		4A4E38C7217580B600C3F62F /* iReader_Basic */ = {
			isa = PBXNativeTarget;
			buildConfigurationList = 4A4E38F4217580CA00C3F62F /* Build configuration list for PBXNativeTarget "iReader_Basic" */;
			buildPhases = (
				4A4E38C4217580B600C3F62F /* Sources */,
				4A4E38C5217580B600C3F62F /* Frameworks */,
				4A4E38C6217580B600C3F62F /* Resources */,
			);
			buildRules = (
			);
			dependencies = (
			);
			name = iReader_Basic;
			productName = iReader_Basic;
			productReference = 4A4E38C8217580B600C3F62F /* iReader_Basic.app */;
			productType = "com.apple.product-type.application";
		};
		4A4E38DF217580CA00C3F62F /* iReader_BasicTests */ = {
			isa = PBXNativeTarget;
			buildConfigurationList = 4A4E38F7217580CA00C3F62F /* Build configuration list for PBXNativeTarget "iReader_BasicTests" */;
			buildPhases = (
				4A4E38DC217580CA00C3F62F /* Sources */,
				4A4E38DD217580CA00C3F62F /* Frameworks */,
				4A4E38DE217580CA00C3F62F /* Resources */,
			);
			buildRules = (
			);
			dependencies = (
				4A4E38E2217580CA00C3F62F /* PBXTargetDependency */,
			);
			name = iReader_BasicTests;
			productName = iReader_BasicTests;
			productReference = 4A4E38E0217580CA00C3F62F /* iReader_BasicTests.xctest */;
			productType = "com.apple.product-type.bundle.unit-test";
		};
		4A4E38EA217580CA00C3F62F /* iReader_BasicUITests */ = {
			isa = PBXNativeTarget;
			buildConfigurationList = 4A4E38FA217580CA00C3F62F /* Build configuration list for PBXNativeTarget "iReader_BasicUITests" */;
			buildPhases = (
				4A4E38E7217580CA00C3F62F /* Sources */,
				4A4E38E8217580CA00C3F62F /* Frameworks */,
				4A4E38E9217580CA00C3F62F /* Resources */,
			);
			buildRules = (
			);
			dependencies = (
				4A4E38ED217580CA00C3F62F /* PBXTargetDependency */,
			);
			name = iReader_BasicUITests;
			productName = iReader_BasicUITests;
			productReference = 4A4E38EB217580CA00C3F62F /* iReader_BasicUITests.xctest */;
			productType = "com.apple.product-type.bundle.ui-testing";
		};
/* End PBXNativeTarget section */

/* Begin PBXProject section */
		4A4E38C0217580B500C3F62F /* Project object */ = {
			isa = PBXProject;
			attributes = {
				LastUpgradeCheck = 1000;
				ORGANIZATIONNAME = Jermy;
				TargetAttributes = {
					4A4E38C7217580B600C3F62F = {
						CreatedOnToolsVersion = 10.0;
					};
					4A4E38DF217580CA00C3F62F = {
						CreatedOnToolsVersion = 10.0;
						TestTargetID = 4A4E38C7217580B600C3F62F;
					};
					4A4E38EA217580CA00C3F62F = {
						CreatedOnToolsVersion = 10.0;
						TestTargetID = 4A4E38C7217580B600C3F62F;
					};
				};
			};
			buildConfigurationList = 4A4E38C3217580B500C3F62F /* Build configuration list for PBXProject "iReader_Basic" */;
			compatibilityVersion = "Xcode 9.3";
			developmentRegion = en;
			hasScannedForEncodings = 0;
			knownRegions = (
				en,
				Base,
			);
			mainGroup = 4A4E38BF217580B500C3F62F;
			productRefGroup = 4A4E38C9217580B600C3F62F /* Products */;
			projectDirPath = "";
			projectRoot = "";
			targets = (
				4A4E38C7217580B600C3F62F /* iReader_Basic */,
				4A4E38DF217580CA00C3F62F /* iReader_BasicTests */,
				4A4E38EA217580CA00C3F62F /* iReader_BasicUITests */,
			);
		};
/* End PBXProject section */

/* Begin PBXResourcesBuildPhase section */
		4A4E38C6217580B600C3F62F /* Resources */ = {
			isa = PBXResourcesBuildPhase;
			buildActionMask = 2147483647;
			files = (
				4A4E38D8217580CA00C3F62F /* LaunchScreen.storyboard in Resources */,
				4A4E38D5217580CA00C3F62F /* Assets.xcassets in Resources */,
				4A4E38D3217580B600C3F62F /* Main.storyboard in Resources */,
			);
			runOnlyForDeploymentPostprocessing = 0;
		};
		4A4E38DE217580CA00C3F62F /* Resources */ = {
			isa = PBXResourcesBuildPhase;
			buildActionMask = 2147483647;
			files = (
			);
			runOnlyForDeploymentPostprocessing = 0;
		};
		4A4E38E9217580CA00C3F62F /* Resources */ = {
			isa = PBXResourcesBuildPhase;
			buildActionMask = 2147483647;
			files = (
			);
			runOnlyForDeploymentPostprocessing = 0;
		};
/* End PBXResourcesBuildPhase section */

/* Begin PBXSourcesBuildPhase section */
		4A4E38C4217580B600C3F62F /* Sources */ = {
			isa = PBXSourcesBuildPhase;
			buildActionMask = 2147483647;
			files = (
				4A4E38D0217580B600C3F62F /* ViewController.mm in Sources */,
				4A4E38DB217580CA00C3F62F /* main.m in Sources */,
				4A4E38CD217580B600C3F62F /* AppDelegate.m in Sources */,
				4A4E391621758E8C00C3F62F /* Tools.m in Sources */,
				4A4E391A2175B94300C3F62F /* hex.m in Sources */,
			);
			runOnlyForDeploymentPostprocessing = 0;
		};
		4A4E38DC217580CA00C3F62F /* Sources */ = {
			isa = PBXSourcesBuildPhase;
			buildActionMask = 2147483647;
			files = (
				4A4E38E5217580CA00C3F62F /* iReader_BasicTests.m in Sources */,
			);
			runOnlyForDeploymentPostprocessing = 0;
		};
		4A4E38E7217580CA00C3F62F /* Sources */ = {
			isa = PBXSourcesBuildPhase;
			buildActionMask = 2147483647;
			files = (
				4A4E38F0217580CA00C3F62F /* iReader_BasicUITests.m in Sources */,
			);
			runOnlyForDeploymentPostprocessing = 0;
		};
/* End PBXSourcesBuildPhase section */

/* Begin PBXTargetDependency section */
		4A4E38E2217580CA00C3F62F /* PBXTargetDependency */ = {
			isa = PBXTargetDependency;
			target = 4A4E38C7217580B600C3F62F /* iReader_Basic */;
			targetProxy = 4A4E38E1217580CA00C3F62F /* PBXContainerItemProxy */;
		};
		4A4E38ED217580CA00C3F62F /* PBXTargetDependency */ = {
			isa = PBXTargetDependency;
			target = 4A4E38C7217580B600C3F62F /* iReader_Basic */;
			targetProxy = 4A4E38EC217580CA00C3F62F /* PBXContainerItemProxy */;
		};
/* End PBXTargetDependency section */

/* Begin PBXVariantGroup section */
		4A4E38D1217580B600C3F62F /* Main.storyboard */ = {
			isa = PBXVariantGroup;
			children = (
				4A4E38D2217580B600C3F62F /* Base */,
			);
			name = Main.storyboard;
			sourceTree = "<group>";
		};
		4A4E38D6217580CA00C3F62F /* LaunchScreen.storyboard */ = {
			isa = PBXVariantGroup;
			children = (
				4A4E38D7217580CA00C3F62F /* Base */,
			);
			name = LaunchScreen.storyboard;
			sourceTree = "<group>";
		};
/* End PBXVariantGroup section */

/* Begin XCBuildConfiguration section */
		4A4E38F2217580CA00C3F62F /* Debug */ = {
			isa = XCBuildConfiguration;
			buildSettings = {
				ALWAYS_SEARCH_USER_PATHS = NO;
				CLANG_ANALYZER_NONNULL = YES;
				CLANG_ANALYZER_NUMBER_OBJECT_CONVERSION = YES_AGGRESSIVE;
				CLANG_CXX_LANGUAGE_STANDARD = "gnu++14";
				CLANG_CXX_LIBRARY = "libc++";
				CLANG_ENABLE_MODULES = YES;
				CLANG_ENABLE_OBJC_ARC = YES;
				CLANG_ENABLE_OBJC_WEAK = YES;
				CLANG_WARN_BLOCK_CAPTURE_AUTORELEASING = YES;
				CLANG_WARN_BOOL_CONVERSION = YES;
				CLANG_WARN_COMMA = YES;
				CLANG_WARN_CONSTANT_CONVERSION = YES;
				CLANG_WARN_DEPRECATED_OBJC_IMPLEMENTATIONS = YES;
				CLANG_WARN_DIRECT_OBJC_ISA_USAGE = YES_ERROR;
				CLANG_WARN_DOCUMENTATION_COMMENTS = YES;
				CLANG_WARN_EMPTY_BODY = YES;
				CLANG_WARN_ENUM_CONVERSION = YES;
				CLANG_WARN_INFINITE_RECURSION = YES;
				CLANG_WARN_INT_CONVERSION = YES;
				CLANG_WARN_NON_LITERAL_NULL_CONVERSION = YES;
				CLANG_WARN_OBJC_IMPLICIT_RETAIN_SELF = YES;
				CLANG_WARN_OBJC_LITERAL_CONVERSION = YES;
				CLANG_WARN_OBJC_ROOT_CLASS = YES_ERROR;
				CLANG_WARN_RANGE_LOOP_ANALYSIS = YES;
				CLANG_WARN_STRICT_PROTOTYPES = YES;
				CLANG_WARN_SUSPICIOUS_MOVE = YES;
				CLANG_WARN_UNGUARDED_AVAILABILITY = YES_AGGRESSIVE;
				CLANG_WARN_UNREACHABLE_CODE = YES;
				CLANG_WARN__DUPLICATE_METHOD_MATCH = YES;
				CODE_SIGN_IDENTITY = "iPhone Developer";
				COPY_PHASE_STRIP = NO;
				DEBUG_INFORMATION_FORMAT = dwarf;
				ENABLE_STRICT_OBJC_MSGSEND = YES;
				ENABLE_TESTABILITY = YES;
				GCC_C_LANGUAGE_STANDARD = gnu11;
				GCC_DYNAMIC_NO_PIC = NO;
				GCC_NO_COMMON_BLOCKS = YES;
				GCC_OPTIMIZATION_LEVEL = 0;
				GCC_PREPROCESSOR_DEFINITIONS = (
					"DEBUG=1",
					"$(inherited)",
				);
				GCC_WARN_64_TO_32_BIT_CONVERSION = YES;
				GCC_WARN_ABOUT_RETURN_TYPE = YES_ERROR;
				GCC_WARN_UNDECLARED_SELECTOR = YES;
				GCC_WARN_UNINITIALIZED_AUTOS = YES_AGGRESSIVE;
				GCC_WARN_UNUSED_FUNCTION = YES;
				GCC_WARN_UNUSED_VARIABLE = YES;
				IPHONEOS_DEPLOYMENT_TARGET = 12.0;
				MTL_ENABLE_DEBUG_INFO = INCLUDE_SOURCE;
				MTL_FAST_MATH = YES;
				ONLY_ACTIVE_ARCH = YES;
				SDKROOT = iphoneos;
			};
			name = Debug;
		};
		4A4E38F3217580CA00C3F62F /* Release */ = {
			isa = XCBuildConfiguration;
			buildSettings = {
				ALWAYS_SEARCH_USER_PATHS = NO;
				CLANG_ANALYZER_NONNULL = YES;
				CLANG_ANALYZER_NUMBER_OBJECT_CONVERSION = YES_AGGRESSIVE;
				CLANG_CXX_LANGUAGE_STANDARD = "gnu++14";
				CLANG_CXX_LIBRARY = "libc++";
				CLANG_ENABLE_MODULES = YES;
				CLANG_ENABLE_OBJC_ARC = YES;
				CLANG_ENABLE_OBJC_WEAK = YES;
				CLANG_WARN_BLOCK_CAPTURE_AUTORELEASING = YES;
				CLANG_WARN_BOOL_CONVERSION = YES;
				CLANG_WARN_COMMA = YES;
				CLANG_WARN_CONSTANT_CONVERSION = YES;
				CLANG_WARN_DEPRECATED_OBJC_IMPLEMENTATIONS = YES;
				CLANG_WARN_DIRECT_OBJC_ISA_USAGE = YES_ERROR;
				CLANG_WARN_DOCUMENTATION_COMMENTS = YES;
				CLANG_WARN_EMPTY_BODY = YES;
				CLANG_WARN_ENUM_CONVERSION = YES;
				CLANG_WARN_INFINITE_RECURSION = YES;
				CLANG_WARN_INT_CONVERSION = YES;
				CLANG_WARN_NON_LITERAL_NULL_CONVERSION = YES;
				CLANG_WARN_OBJC_IMPLICIT_RETAIN_SELF = YES;
				CLANG_WARN_OBJC_LITERAL_CONVERSION = YES;
				CLANG_WARN_OBJC_ROOT_CLASS = YES_ERROR;
				CLANG_WARN_RANGE_LOOP_ANALYSIS = YES;
				CLANG_WARN_STRICT_PROTOTYPES = YES;
				CLANG_WARN_SUSPICIOUS_MOVE = YES;
				CLANG_WARN_UNGUARDED_AVAILABILITY = YES_AGGRESSIVE;
				CLANG_WARN_UNREACHABLE_CODE = YES;
				CLANG_WARN__DUPLICATE_METHOD_MATCH = YES;
				CODE_SIGN_IDENTITY = "iPhone Developer";
				COPY_PHASE_STRIP = NO;
				DEBUG_INFORMATION_FORMAT = "dwarf-with-dsym";
				ENABLE_NS_ASSERTIONS = NO;
				ENABLE_STRICT_OBJC_MSGSEND = YES;
				GCC_C_LANGUAGE_STANDARD = gnu11;
				GCC_NO_COMMON_BLOCKS = YES;
				GCC_WARN_64_TO_32_BIT_CONVERSION = YES;
				GCC_WARN_ABOUT_RETURN_TYPE = YES_ERROR;
				GCC_WARN_UNDECLARED_SELECTOR = YES;
				GCC_WARN_UNINITIALIZED_AUTOS = YES_AGGRESSIVE;
				GCC_WARN_UNUSED_FUNCTION = YES;
				GCC_WARN_UNUSED_VARIABLE = YES;
				IPHONEOS_DEPLOYMENT_TARGET = 12.0;
				MTL_ENABLE_DEBUG_INFO = NO;
				MTL_FAST_MATH = YES;
				SDKROOT = iphoneos;
				VALIDATE_PRODUCT = YES;
			};
			name = Release;
		};
		4A4E38F5217580CA00C3F62F /* Debug */ = {
			isa = XCBuildConfiguration;
			buildSettings = {
				ASSETCATALOG_COMPILER_APPICON_NAME = AppIcon;
				CODE_SIGN_STYLE = Automatic;
				DEVELOPMENT_TEAM = S47T4UESP3;
				INFOPLIST_FILE = iReader_Basic/Info.plist;
				IPHONEOS_DEPLOYMENT_TARGET = 8.0;
				LD_RUNPATH_SEARCH_PATHS = (
					"$(inherited)",
					"@executable_path/Frameworks",
				);
				LIBRARY_SEARCH_PATHS = (
					"$(inherited)",
					"\"$(SRCROOT)/../../lib/SDK/lib\"",
					"$(PROJECT_DIR)/iReader_Basic/SDK/lib",
				);
				PRODUCT_BUNDLE_IDENTIFIER = "com.ftsafe.iReader-Basic";
				PRODUCT_NAME = "$(TARGET_NAME)";
				TARGETED_DEVICE_FAMILY = "1,2";
			};
			name = Debug;
		};
		4A4E38F6217580CA00C3F62F /* Release */ = {
			isa = XCBuildConfiguration;
			buildSettings = {
				ASSETCATALOG_COMPILER_APPICON_NAME = AppIcon;
				CODE_SIGN_STYLE = Automatic;
				DEVELOPMENT_TEAM = S47T4UESP3;
				INFOPLIST_FILE = iReader_Basic/Info.plist;
				IPHONEOS_DEPLOYMENT_TARGET = 8.0;
				LD_RUNPATH_SEARCH_PATHS = (
					"$(inherited)",
					"@executable_path/Frameworks",
				);
				LIBRARY_SEARCH_PATHS = (
					"$(inherited)",
					"\"$(SRCROOT)/../../lib/SDK/lib\"",
					"$(PROJECT_DIR)/iReader_Basic/SDK/lib",
				);
				PRODUCT_BUNDLE_IDENTIFIER = "com.ftsafe.iReader-Basic";
				PRODUCT_NAME = "$(TARGET_NAME)";
				TARGETED_DEVICE_FAMILY = "1,2";
			};
			name = Release;
		};
		4A4E38F8217580CA00C3F62F /* Debug */ = {
			isa = XCBuildConfiguration;
			buildSettings = {
				BUNDLE_LOADER = "$(TEST_HOST)";
				CODE_SIGN_STYLE = Automatic;
				DEVELOPMENT_TEAM = S47T4UESP3;
				INFOPLIST_FILE = iReader_BasicTests/Info.plist;
				LD_RUNPATH_SEARCH_PATHS = (
					"$(inherited)",
					"@executable_path/Frameworks",
					"@loader_path/Frameworks",
				);
				PRODUCT_BUNDLE_IDENTIFIER = "com.ftsafe.iReader-BasicTests";
				PRODUCT_NAME = "$(TARGET_NAME)";
				TARGETED_DEVICE_FAMILY = "1,2";
				TEST_HOST = "$(BUILT_PRODUCTS_DIR)/iReader_Basic.app/iReader_Basic";
			};
			name = Debug;
		};
		4A4E38F9217580CA00C3F62F /* Release */ = {
			isa = XCBuildConfiguration;
			buildSettings = {
				BUNDLE_LOADER = "$(TEST_HOST)";
				CODE_SIGN_STYLE = Automatic;
				DEVELOPMENT_TEAM = S47T4UESP3;
				INFOPLIST_FILE = iReader_BasicTests/Info.plist;
				LD_RUNPATH_SEARCH_PATHS = (
					"$(inherited)",
					"@executable_path/Frameworks",
					"@loader_path/Frameworks",
				);
				PRODUCT_BUNDLE_IDENTIFIER = "com.ftsafe.iReader-BasicTests";
				PRODUCT_NAME = "$(TARGET_NAME)";
				TARGETED_DEVICE_FAMILY = "1,2";
				TEST_HOST = "$(BUILT_PRODUCTS_DIR)/iReader_Basic.app/iReader_Basic";
			};
			name = Release;
		};
		4A4E38FB217580CA00C3F62F /* Debug */ = {
			isa = XCBuildConfiguration;
			buildSettings = {
				CODE_SIGN_STYLE = Automatic;
				DEVELOPMENT_TEAM = S47T4UESP3;
				INFOPLIST_FILE = iReader_BasicUITests/Info.plist;
				LD_RUNPATH_SEARCH_PATHS = (
					"$(inherited)",
					"@executable_path/Frameworks",
					"@loader_path/Frameworks",
				);
				PRODUCT_BUNDLE_IDENTIFIER = "com.ftsafe.iReader-BasicUITests";
				PRODUCT_NAME = "$(TARGET_NAME)";
				TARGETED_DEVICE_FAMILY = "1,2";
				TEST_TARGET_NAME = iReader_Basic;
			};
			name = Debug;
		};
		4A4E38FC217580CA00C3F62F /* Release */ = {
			isa = XCBuildConfiguration;
			buildSettings = {
				CODE_SIGN_STYLE = Automatic;
				DEVELOPMENT_TEAM = S47T4UESP3;
				INFOPLIST_FILE = iReader_BasicUITests/Info.plist;
				LD_RUNPATH_SEARCH_PATHS = (
					"$(inherited)",
					"@executable_path/Frameworks",
					"@loader_path/Frameworks",
				);
				PRODUCT_BUNDLE_IDENTIFIER = "com.ftsafe.iReader-BasicUITests";
				PRODUCT_NAME = "$(TARGET_NAME)";
				TARGETED_DEVICE_FAMILY = "1,2";
				TEST_TARGET_NAME = iReader_Basic;
			};
			name = Release;
		};
/* End XCBuildConfiguration section */

/* Begin XCConfigurationList section */
		4A4E38C3217580B500C3F62F /* Build configuration list for PBXProject "iReader_Basic" */ = {
			isa = XCConfigurationList;
			buildConfigurations = (
				4A4E38F2217580CA00C3F62F /* Debug */,
				4A4E38F3217580CA00C3F62F /* Release */,
			);
			defaultConfigurationIsVisible = 0;
			defaultConfigurationName = Release;
		};
		4A4E38F4217580CA00C3F62F /* Build configuration list for PBXNativeTarget "iReader_Basic" */ = {
			isa = XCConfigurationList;
			buildConfigurations = (
				4A4E38F5217580CA00C3F62F /* Debug */,
				4A4E38F6217580CA00C3F62F /* Release */,
			);
			defaultConfigurationIsVisible = 0;
			defaultConfigurationName = Release;
		};
		4A4E38F7217580CA00C3F62F /* Build configuration list for PBXNativeTarget "iReader_BasicTests" */ = {
			isa = XCConfigurationList;
			buildConfigurations = (
				4A4E38F8217580CA00C3F62F /* Debug */,
				4A4E38F9217580CA00C3F62F /* Release */,
			);
			defaultConfigurationIsVisible = 0;
			defaultConfigurationName = Release;
		};
		4A4E38FA217580CA00C3F62F /* Build configuration list for PBXNativeTarget "iReader_BasicUITests" */ = {
			isa = XCConfigurationList;
			buildConfigurations = (
				4A4E38FB217580CA00C3F62F /* Debug */,
				4A4E38FC217580CA00C3F62F /* Release */,
			);
			defaultConfigurationIsVisible = 0;
			defaultConfigurationName = Release;
		};
/* End XCConfigurationList section */
	};
	rootObject = 4A4E38C0217580B500C3F62F /* Project object */;
}
